
Microsoft Visual Studio Solution File, Format Version 12.00
# Visual Studio 14
VisualStudioVersion = 14.0.23107.0
MinimumVisualStudioVersion = 10.0.40219.1
Project("{FAE04EC0-301F-11D3-BF4B-00C04F79EFBC}") = "Website.UI", "Website.UI\Website.UI.csproj", "{55C962FA-BA83-4072-BBED-41192AB8D1EB}"
EndProject
Project("{FAE04EC0-301F-11D3-BF4B-00C04F79EFBC}") = "Website.Domain", "Website.Domain\Website.Domain.csproj", "{A0AE2975-A401-4D7C-B625-2DC1C330DC93}"
EndProject
Project("{2150E333-8FDC-42A3-9474-1A3956D46DE8}") = "Build", "Build", "{F1493427-5BC2-4E94-A717-F0DB3C5DAF26}"
	ProjectSection(SolutionItems) = preProject
		.gitignore = .gitignore
		README.md = README.md
	EndProjectSection
EndProject
Project("{2150E333-8FDC-42A3-9474-1A3956D46DE8}") = "External", "External", "{8EF99FF8-5DC8-4D4F-93B8-2F159D25F6CA}"
EndProject
Project("{FAE04EC0-301F-11D3-BF4B-00C04F79EFBC}") = "Yomego.Umbraco", "Yomego.Umbraco\Yomego.Umbraco.csproj", "{A10ADBEB-DEC2-4D15-87A6-846B2B012B1C}"
EndProject
Global
	GlobalSection(SolutionConfigurationPlatforms) = preSolution
		Debug|Any CPU = Debug|Any CPU
		Release.AnsumOak|Any CPU = Release.AnsumOak|Any CPU
		Release|Any CPU = Release|Any CPU
		Test|Any CPU = Test|Any CPU
	EndGlobalSection
	GlobalSection(ProjectConfigurationPlatforms) = postSolution
		{55C962FA-BA83-4072-BBED-41192AB8D1EB}.Debug|Any CPU.ActiveCfg = Debug|Any CPU
		{55C962FA-BA83-4072-BBED-41192AB8D1EB}.Debug|Any CPU.Build.0 = Debug|Any CPU
		{55C962FA-BA83-4072-BBED-41192AB8D1EB}.Release.AnsumOak|Any CPU.ActiveCfg = Release.AnsumOak|Any CPU
		{55C962FA-BA83-4072-BBED-41192AB8D1EB}.Release.AnsumOak|Any CPU.Build.0 = Release.AnsumOak|Any CPU
		{55C962FA-BA83-4072-BBED-41192AB8D1EB}.Release|Any CPU.ActiveCfg = Release|Any CPU
		{55C962FA-BA83-4072-BBED-41192AB8D1EB}.Release|Any CPU.Build.0 = Release|Any CPU
		{55C962FA-BA83-4072-BBED-41192AB8D1EB}.Test|Any CPU.ActiveCfg = Release|Any CPU
		{55C962FA-BA83-4072-BBED-41192AB8D1EB}.Test|Any CPU.Build.0 = Release|Any CPU
		{A0AE2975-A401-4D7C-B625-2DC1C330DC93}.Debug|Any CPU.ActiveCfg = Debug|Any CPU
		{A0AE2975-A401-4D7C-B625-2DC1C330DC93}.Debug|Any CPU.Build.0 = Debug|Any CPU
		{A0AE2975-A401-4D7C-B625-2DC1C330DC93}.Release.AnsumOak|Any CPU.ActiveCfg = Release.AnsumOak|Any CPU
		{A0AE2975-A401-4D7C-B625-2DC1C330DC93}.Release.AnsumOak|Any CPU.Build.0 = Release.AnsumOak|Any CPU
		{A0AE2975-A401-4D7C-B625-2DC1C330DC93}.Release|Any CPU.ActiveCfg = Release|Any CPU
		{A0AE2975-A401-4D7C-B625-2DC1C330DC93}.Release|Any CPU.Build.0 = Release|Any CPU
		{A0AE2975-A401-4D7C-B625-2DC1C330DC93}.Test|Any CPU.ActiveCfg = Release|Any CPU
		{A0AE2975-A401-4D7C-B625-2DC1C330DC93}.Test|Any CPU.Build.0 = Release|Any CPU
		{A10ADBEB-DEC2-4D15-87A6-846B2B012B1C}.Debug|Any CPU.ActiveCfg = Debug|Any CPU
		{A10ADBEB-DEC2-4D15-87A6-846B2B012B1C}.Debug|Any CPU.Build.0 = Debug|Any CPU
		{A10ADBEB-DEC2-4D15-87A6-846B2B012B1C}.Release.AnsumOak|Any CPU.ActiveCfg = Release|Any CPU
		{A10ADBEB-DEC2-4D15-87A6-846B2B012B1C}.Release.AnsumOak|Any CPU.Build.0 = Release|Any CPU
		{A10ADBEB-DEC2-4D15-87A6-846B2B012B1C}.Release|Any CPU.ActiveCfg = Release|Any CPU
		{A10ADBEB-DEC2-4D15-87A6-846B2B012B1C}.Release|Any CPU.Build.0 = Release|Any CPU
		{A10ADBEB-DEC2-4D15-87A6-846B2B012B1C}.Test|Any CPU.ActiveCfg = Test|Any CPU
		{A10ADBEB-DEC2-4D15-87A6-846B2B012B1C}.Test|Any CPU.Build.0 = Test|Any CPU
	EndGlobalSection
	GlobalSection(SolutionProperties) = preSolution
		HideSolutionNode = FALSE
	EndGlobalSection
	GlobalSection(NestedProjects) = preSolution
		{A10ADBEB-DEC2-4D15-87A6-846B2B012B1C} = {8EF99FF8-5DC8-4D4F-93B8-2F159D25F6CA}
	EndGlobalSection
EndGlobal
